
Microsoft Visual Studio Solution File, Format Version 12.00
# Visual Studio 15
VisualStudioVersion = 15.0.28010.2048
MinimumVisualStudioVersion = 10.0.40219.1
Project("{FAE04EC0-301F-11D3-BF4B-00C04F79EFBC}") = "StarwarAPI", "StarwarAPI\StarwarAPI.csproj", "{F477702F-09C6-4DCA-BB7F-C15AD05542D5}"
EndProject
Project("{FAE04EC0-301F-11D3-BF4B-00C04F79EFBC}") = "StarwarAPITest", "StarwarAPITest\StarwarAPITest.csproj", "{04E9AA6A-8601-48F5-9290-ACD06F8E74E3}"
EndProject
Global
	GlobalSection(SolutionConfigurationPlatforms) = preSolution
		Debug|Any CPU = Debug|Any CPU
		Release|Any CPU = Release|Any CPU
	EndGlobalSection
	GlobalSection(ProjectConfigurationPlatforms) = postSolution
		{F477702F-09C6-4DCA-BB7F-C15AD05542D5}.Debug|Any CPU.ActiveCfg = Debug|Any CPU
		{F477702F-09C6-4DCA-BB7F-C15AD05542D5}.Debug|Any CPU.Build.0 = Debug|Any CPU
		{F477702F-09C6-4DCA-BB7F-C15AD05542D5}.Release|Any CPU.ActiveCfg = Release|Any CPU
		{F477702F-09C6-4DCA-BB7F-C15AD05542D5}.Release|Any CPU.Build.0 = Release|Any CPU
		{04E9AA6A-8601-48F5-9290-ACD06F8E74E3}.Debug|Any CPU.ActiveCfg = Debug|Any CPU
		{04E9AA6A-8601-48F5-9290-ACD06F8E74E3}.Debug|Any CPU.Build.0 = Debug|Any CPU
		{04E9AA6A-8601-48F5-9290-ACD06F8E74E3}.Release|Any CPU.ActiveCfg = Release|Any CPU
		{04E9AA6A-8601-48F5-9290-ACD06F8E74E3}.Release|Any CPU.Build.0 = Release|Any CPU
	EndGlobalSection
	GlobalSection(SolutionProperties) = preSolution
		HideSolutionNode = FALSE
	EndGlobalSection
	GlobalSection(ExtensibilityGlobals) = postSolution
		SolutionGuid = {CE45E238-387D-42BD-8790-97B9274EE833}
	EndGlobalSection
EndGlobal
